
Microsoft Visual Studio Solution File, Format Version 11.00
# Visual Studio 2010
Project("{8BC9CEB8-8B4A-11D0-8D11-00A0C91BC942}") = "01-HelloOsgCow", "01-HelloOsgCow\01-HelloOsgCow.vcxproj", "{EBB5F5A2-B3EB-4D72-94AB-0C8B9BAAE94E}"
EndProject
Project("{8BC9CEB8-8B4A-11D0-8D11-00A0C91BC942}") = "02-HelloTriangle", "02-HelloTriangle\02-HelloTriangle.vcxproj", "{05B35115-A98F-4874-B391-90E9787FBC83}"
EndProject
Project("{8BC9CEB8-8B4A-11D0-8D11-00A0C91BC942}") = "02-HelloTriangle-multicolors", "02-HelloTriangle-multicolors\02-HelloTriangle-multicolors.vcxproj", "{3D296B7D-EAE3-4459-B36C-B9D2F2C3FF3F}"
EndProject
Project("{8BC9CEB8-8B4A-11D0-8D11-00A0C91BC942}") = "03-Box", "03-Box\03-Box.vcxproj", "{EED3FD8D-F8EF-4A11-B532-6752572F7284}"
EndProject
Project("{8BC9CEB8-8B4A-11D0-8D11-00A0C91BC942}") = "04-Texture", "04-Texture\04-Texture.vcxproj", "{543F4048-E46D-48BC-9319-A060744A7786}"
EndProject
Project("{2150E333-8FDC-42A3-9474-1A3956D46DE8}") = "osg-cookbook", "osg-cookbook", "{F492D457-D510-4852-8B7E-51409D8ED0B5}"
EndProject
Project("{8BC9CEB8-8B4A-11D0-8D11-00A0C91BC942}") = "osg-cookbook-ch0901-osg_qt", "osg-cookbook\ch0901-osg_qt\osg-cookbook-ch0901-osg_qt.vcxproj", "{26F62B2F-BBA5-4AA9-A7D8-E6B5674FD4AC}"
EndProject
Project("{8BC9CEB8-8B4A-11D0-8D11-00A0C91BC942}") = "05-NodeVisitor", "05-NodeVisitor\05-NodeVisitor.vcxproj", "{6C4F6C07-4F47-417D-B291-C230B15B90B7}"
EndProject
Project("{8BC9CEB8-8B4A-11D0-8D11-00A0C91BC942}") = "06-RotateCallback", "06-RotateCallback\06-RotateCallback.vcxproj", "{02A3E776-D39E-45D2-9F4C-626B280AE01F}"
EndProject
Project("{8BC9CEB8-8B4A-11D0-8D11-00A0C91BC942}") = "07-TransformNode", "07-TransformNode\07-TransformNode.vcxproj", "{1E717DC1-A824-44C6-B4CE-6310073287C0}"
EndProject
Global
	GlobalSection(SolutionConfigurationPlatforms) = preSolution
		Debug|Win32 = Debug|Win32
		Release|Win32 = Release|Win32
	EndGlobalSection
	GlobalSection(ProjectConfigurationPlatforms) = postSolution
		{EBB5F5A2-B3EB-4D72-94AB-0C8B9BAAE94E}.Debug|Win32.ActiveCfg = Debug|Win32
		{EBB5F5A2-B3EB-4D72-94AB-0C8B9BAAE94E}.Debug|Win32.Build.0 = Debug|Win32
		{EBB5F5A2-B3EB-4D72-94AB-0C8B9BAAE94E}.Release|Win32.ActiveCfg = Release|Win32
		{EBB5F5A2-B3EB-4D72-94AB-0C8B9BAAE94E}.Release|Win32.Build.0 = Release|Win32
		{05B35115-A98F-4874-B391-90E9787FBC83}.Debug|Win32.ActiveCfg = Debug|Win32
		{05B35115-A98F-4874-B391-90E9787FBC83}.Debug|Win32.Build.0 = Debug|Win32
		{05B35115-A98F-4874-B391-90E9787FBC83}.Release|Win32.ActiveCfg = Release|Win32
		{05B35115-A98F-4874-B391-90E9787FBC83}.Release|Win32.Build.0 = Release|Win32
		{3D296B7D-EAE3-4459-B36C-B9D2F2C3FF3F}.Debug|Win32.ActiveCfg = Debug|Win32
		{3D296B7D-EAE3-4459-B36C-B9D2F2C3FF3F}.Debug|Win32.Build.0 = Debug|Win32
		{3D296B7D-EAE3-4459-B36C-B9D2F2C3FF3F}.Release|Win32.ActiveCfg = Release|Win32
		{3D296B7D-EAE3-4459-B36C-B9D2F2C3FF3F}.Release|Win32.Build.0 = Release|Win32
		{EED3FD8D-F8EF-4A11-B532-6752572F7284}.Debug|Win32.ActiveCfg = Debug|Win32
		{EED3FD8D-F8EF-4A11-B532-6752572F7284}.Debug|Win32.Build.0 = Debug|Win32
		{EED3FD8D-F8EF-4A11-B532-6752572F7284}.Release|Win32.ActiveCfg = Release|Win32
		{EED3FD8D-F8EF-4A11-B532-6752572F7284}.Release|Win32.Build.0 = Release|Win32
		{543F4048-E46D-48BC-9319-A060744A7786}.Debug|Win32.ActiveCfg = Debug|Win32
		{543F4048-E46D-48BC-9319-A060744A7786}.Debug|Win32.Build.0 = Debug|Win32
		{543F4048-E46D-48BC-9319-A060744A7786}.Release|Win32.ActiveCfg = Release|Win32
		{543F4048-E46D-48BC-9319-A060744A7786}.Release|Win32.Build.0 = Release|Win32
		{26F62B2F-BBA5-4AA9-A7D8-E6B5674FD4AC}.Debug|Win32.ActiveCfg = Debug|Win32
		{26F62B2F-BBA5-4AA9-A7D8-E6B5674FD4AC}.Debug|Win32.Build.0 = Debug|Win32
		{26F62B2F-BBA5-4AA9-A7D8-E6B5674FD4AC}.Release|Win32.ActiveCfg = Release|Win32
		{26F62B2F-BBA5-4AA9-A7D8-E6B5674FD4AC}.Release|Win32.Build.0 = Release|Win32
		{6C4F6C07-4F47-417D-B291-C230B15B90B7}.Debug|Win32.ActiveCfg = Debug|Win32
		{6C4F6C07-4F47-417D-B291-C230B15B90B7}.Debug|Win32.Build.0 = Debug|Win32
		{6C4F6C07-4F47-417D-B291-C230B15B90B7}.Release|Win32.ActiveCfg = Release|Win32
		{6C4F6C07-4F47-417D-B291-C230B15B90B7}.Release|Win32.Build.0 = Release|Win32
		{02A3E776-D39E-45D2-9F4C-626B280AE01F}.Debug|Win32.ActiveCfg = Debug|Win32
		{02A3E776-D39E-45D2-9F4C-626B280AE01F}.Debug|Win32.Build.0 = Debug|Win32
		{02A3E776-D39E-45D2-9F4C-626B280AE01F}.Release|Win32.ActiveCfg = Release|Win32
		{02A3E776-D39E-45D2-9F4C-626B280AE01F}.Release|Win32.Build.0 = Release|Win32
		{1E717DC1-A824-44C6-B4CE-6310073287C0}.Debug|Win32.ActiveCfg = Debug|Win32
		{1E717DC1-A824-44C6-B4CE-6310073287C0}.Debug|Win32.Build.0 = Debug|Win32
		{1E717DC1-A824-44C6-B4CE-6310073287C0}.Release|Win32.ActiveCfg = Release|Win32
		{1E717DC1-A824-44C6-B4CE-6310073287C0}.Release|Win32.Build.0 = Release|Win32
	EndGlobalSection
	GlobalSection(SolutionProperties) = preSolution
		HideSolutionNode = FALSE
	EndGlobalSection
	GlobalSection(NestedProjects) = preSolution
		{26F62B2F-BBA5-4AA9-A7D8-E6B5674FD4AC} = {F492D457-D510-4852-8B7E-51409D8ED0B5}
	EndGlobalSection
EndGlobal
