
Microsoft Visual Studio Solution File, Format Version 11.00
# Visual Studio 2010
Project("{8BC9CEB8-8B4A-11D0-8D11-00A0C91BC942}") = "01-HelloOsgCow", "01-HelloOsgCow\01-HelloOsgCow.vcxproj", "{EBB5F5A2-B3EB-4D72-94AB-0C8B9BAAE94E}"
EndProject
Project("{8BC9CEB8-8B4A-11D0-8D11-00A0C91BC942}") = "02-HelloTriangle", "02-HelloTriangle\02-HelloTriangle.vcxproj", "{05B35115-A98F-4874-B391-90E9787FBC83}"
EndProject
Project("{8BC9CEB8-8B4A-11D0-8D11-00A0C91BC942}") = "02-HelloTriangle-multicolors", "02-HelloTriangle-multicolors\02-HelloTriangle-multicolors.vcxproj", "{3D296B7D-EAE3-4459-B36C-B9D2F2C3FF3F}"
EndProject
Project("{8BC9CEB8-8B4A-11D0-8D11-00A0C91BC942}") = "03-Box", "03-Box\03-Box.vcxproj", "{EED3FD8D-F8EF-4A11-B532-6752572F7284}"
EndProject
Project("{8BC9CEB8-8B4A-11D0-8D11-00A0C91BC942}") = "04-Texture", "04-Texture\04-Texture.vcxproj", "{543F4048-E46D-48BC-9319-A060744A7786}"
EndProject
Project("{2150E333-8FDC-42A3-9474-1A3956D46DE8}") = "osg-cookbook", "osg-cookbook", "{F492D457-D510-4852-8B7E-51409D8ED0B5}"
EndProject
Project("{8BC9CEB8-8B4A-11D0-8D11-00A0C91BC942}") = "osg-cookbook-ch0901-osg_qt", "osg-cookbook\ch0901-osg_qt\osg-cookbook-ch0901-osg_qt.vcxproj", "{26F62B2F-BBA5-4AA9-A7D8-E6B5674FD4AC}"
EndProject
Project("{8BC9CEB8-8B4A-11D0-8D11-00A0C91BC942}") = "05-NodeVisitor", "05-NodeVisitor\05-NodeVisitor.vcxproj", "{6C4F6C07-4F47-417D-B291-C230B15B90B7}"
EndProject
Project("{8BC9CEB8-8B4A-11D0-8D11-00A0C91BC942}") = "06-RotateCallback", "06-RotateCallback\06-RotateCallback.vcxproj", "{02A3E776-D39E-45D2-9F4C-626B280AE01F}"
EndProject
Project("{8BC9CEB8-8B4A-11D0-8D11-00A0C91BC942}") = "07-TransformNode", "07-TransformNode\07-TransformNode.vcxproj", "{1E717DC1-A824-44C6-B4CE-6310073287C0}"
EndProject
Project("{8BC9CEB8-8B4A-11D0-8D11-00A0C91BC942}") = "08-SwitchNode", "08-SwitchNode\08-SwitchNode.vcxproj", "{9CF7631F-E77D-4766-8BDC-ED0F9721C92F}"
EndProject
Project("{8BC9CEB8-8B4A-11D0-8D11-00A0C91BC942}") = "09-LodNode", "09-LodNode\09-LodNode.vcxproj", "{581E799B-10BB-464D-9DF1-C282870210E4}"
EndProject
Project("{8BC9CEB8-8B4A-11D0-8D11-00A0C91BC942}") = "10-SimpleHouse", "10-SimpleHouse\10-SimpleHouse.vcxproj", "{2733C142-3930-4A81-AE72-AC014C5047F0}"
EndProject
Project("{8BC9CEB8-8B4A-11D0-8D11-00A0C91BC942}") = "11-Text", "11-Text\11-Text.vcxproj", "{096CF928-026E-4800-90EB-C4FD9378C998}"
EndProject
Project("{8BC9CEB8-8B4A-11D0-8D11-00A0C91BC942}") = "12-Texture", "12-Texture\12-Texture.vcxproj", "{6401CA5C-CE2D-4AFD-9C28-A6527DF03F6B}"
EndProject
Project("{8BC9CEB8-8B4A-11D0-8D11-00A0C91BC942}") = "13-Mipmap", "13-Mipmap\13-Mipmap.vcxproj", "{20A5A2AB-9746-464C-B07D-643C7D5F63C7}"
EndProject
Project("{8BC9CEB8-8B4A-11D0-8D11-00A0C91BC942}") = "14-FogCallback", "14-FogCallback\14-FogCallback.vcxproj", "{B1A5D70F-484A-451B-B547-790ECD3F454D}"
EndProject
Project("{8BC9CEB8-8B4A-11D0-8D11-00A0C91BC942}") = "15-Camera_BirdsEye", "15-Camera_BirdsEye\15-Camera_BirdsEye.vcxproj", "{C0CFC19C-7F92-4114-8E86-9C3803CB387C}"
EndProject
Project("{8BC9CEB8-8B4A-11D0-8D11-00A0C91BC942}") = "16-RenderToTexture", "16-RenderToTexture\16-RenderToTexture.vcxproj", "{AD7AF042-8694-402F-BE06-3590589316CA}"
EndProject
Project("{8BC9CEB8-8B4A-11D0-8D11-00A0C91BC942}") = "17-Viewer", "17-Viewer\17-Viewer.vcxproj", "{E60D344C-656E-4C1D-BE59-5131914954DD}"
EndProject
Project("{8BC9CEB8-8B4A-11D0-8D11-00A0C91BC942}") = "18-CompositeViewer", "18-CompositeViewer\18-CompositeViewer.vcxproj", "{8A851EAA-9660-48D7-8860-42966A6EB7CD}"
EndProject
Project("{8BC9CEB8-8B4A-11D0-8D11-00A0C91BC942}") = "19-KeyboardHandler", "19-KeyboardHandler\19-KeyboardHandler.vcxproj", "{8FCE00DE-12B4-40D8-BCB5-E030E62E332B}"
EndProject
Project("{8BC9CEB8-8B4A-11D0-8D11-00A0C91BC942}") = "20-Dragger", "20-Dragger\20-Dragger.vcxproj", "{A03D5A26-AF3D-4DD9-99DA-BA6BAB69B6DF}"
EndProject
Project("{8BC9CEB8-8B4A-11D0-8D11-00A0C91BC942}") = "osg-cookbook-ch0401-ViewsOnMultipleScreens", "osg-cookbook\ch0401-ViewsOnMultipleScreens\osg-cookbook-ch0401-ViewsOnMultipleScreens.vcxproj", "{7A2DAA37-947B-4BDE-A884-8C07ACBBD6EA}"
EndProject
Project("{8BC9CEB8-8B4A-11D0-8D11-00A0C91BC942}") = "osg-cookbook-ch0402-PowerWall", "osg-cookbook\ch0402-PowerWall\osg-cookbook-ch0402-PowerWall.vcxproj", "{5C435679-5A16-495D-BE61-E9BD51F22D19}"
EndProject
Project("{8BC9CEB8-8B4A-11D0-8D11-00A0C91BC942}") = "osg-cookbook-ch0405-FourViews", "osg-cookbook\ch0405-FourViews\osg-cookbook-ch0405-FourViews.vcxproj", "{745411F6-E248-49E8-94C7-7C2B286F4C58}"
EndProject
Project("{8BC9CEB8-8B4A-11D0-8D11-00A0C91BC942}") = "osg-cookbook-ch0406-ManipulatingViews", "osg-cookbook\ch0406-ManipulatingViews\osg-cookbook-ch0406-ManipulatingViews.vcxproj", "{ACCDA309-5383-4AAC-90FD-1455347A0D8C}"
EndProject
Project("{8BC9CEB8-8B4A-11D0-8D11-00A0C91BC942}") = "osg-cookbook-ch0306-SelectModel", "osg-cookbook\ch0306-SelectModel\osg-cookbook-ch0306-SelectModel.vcxproj", "{0AFEB406-E449-4B0A-8C36-2DEF25AC13DC}"
EndProject
Project("{8BC9CEB8-8B4A-11D0-8D11-00A0C91BC942}") = "osg-cookbook-ch0307-SelectFace", "osg-cookbook\ch0307-SelectFace\osg-cookbook-ch0307-SelectFace.vcxproj", "{C54EB074-4EF2-49C8-A377-E4E63532209F}"
EndProject
Project("{8BC9CEB8-8B4A-11D0-8D11-00A0C91BC942}") = "osg-cookbook-ch0308-SelectPoint", "osg-cookbook\ch0308-SelectPoint\osg-cookbook-ch0308-SelectPoint.vcxproj", "{3D61C497-E2F2-474F-83F9-9F1EFC2C61B8}"
EndProject
Global
	GlobalSection(SolutionConfigurationPlatforms) = preSolution
		Debug|Win32 = Debug|Win32
		Release|Win32 = Release|Win32
	EndGlobalSection
	GlobalSection(ProjectConfigurationPlatforms) = postSolution
		{EBB5F5A2-B3EB-4D72-94AB-0C8B9BAAE94E}.Debug|Win32.ActiveCfg = Debug|Win32
		{EBB5F5A2-B3EB-4D72-94AB-0C8B9BAAE94E}.Debug|Win32.Build.0 = Debug|Win32
		{EBB5F5A2-B3EB-4D72-94AB-0C8B9BAAE94E}.Release|Win32.ActiveCfg = Release|Win32
		{EBB5F5A2-B3EB-4D72-94AB-0C8B9BAAE94E}.Release|Win32.Build.0 = Release|Win32
		{05B35115-A98F-4874-B391-90E9787FBC83}.Debug|Win32.ActiveCfg = Debug|Win32
		{05B35115-A98F-4874-B391-90E9787FBC83}.Debug|Win32.Build.0 = Debug|Win32
		{05B35115-A98F-4874-B391-90E9787FBC83}.Release|Win32.ActiveCfg = Release|Win32
		{05B35115-A98F-4874-B391-90E9787FBC83}.Release|Win32.Build.0 = Release|Win32
		{3D296B7D-EAE3-4459-B36C-B9D2F2C3FF3F}.Debug|Win32.ActiveCfg = Debug|Win32
		{3D296B7D-EAE3-4459-B36C-B9D2F2C3FF3F}.Debug|Win32.Build.0 = Debug|Win32
		{3D296B7D-EAE3-4459-B36C-B9D2F2C3FF3F}.Release|Win32.ActiveCfg = Release|Win32
		{3D296B7D-EAE3-4459-B36C-B9D2F2C3FF3F}.Release|Win32.Build.0 = Release|Win32
		{EED3FD8D-F8EF-4A11-B532-6752572F7284}.Debug|Win32.ActiveCfg = Debug|Win32
		{EED3FD8D-F8EF-4A11-B532-6752572F7284}.Debug|Win32.Build.0 = Debug|Win32
		{EED3FD8D-F8EF-4A11-B532-6752572F7284}.Release|Win32.ActiveCfg = Release|Win32
		{EED3FD8D-F8EF-4A11-B532-6752572F7284}.Release|Win32.Build.0 = Release|Win32
		{543F4048-E46D-48BC-9319-A060744A7786}.Debug|Win32.ActiveCfg = Debug|Win32
		{543F4048-E46D-48BC-9319-A060744A7786}.Debug|Win32.Build.0 = Debug|Win32
		{543F4048-E46D-48BC-9319-A060744A7786}.Release|Win32.ActiveCfg = Release|Win32
		{543F4048-E46D-48BC-9319-A060744A7786}.Release|Win32.Build.0 = Release|Win32
		{26F62B2F-BBA5-4AA9-A7D8-E6B5674FD4AC}.Debug|Win32.ActiveCfg = Debug|Win32
		{26F62B2F-BBA5-4AA9-A7D8-E6B5674FD4AC}.Debug|Win32.Build.0 = Debug|Win32
		{26F62B2F-BBA5-4AA9-A7D8-E6B5674FD4AC}.Release|Win32.ActiveCfg = Release|Win32
		{26F62B2F-BBA5-4AA9-A7D8-E6B5674FD4AC}.Release|Win32.Build.0 = Release|Win32
		{6C4F6C07-4F47-417D-B291-C230B15B90B7}.Debug|Win32.ActiveCfg = Debug|Win32
		{6C4F6C07-4F47-417D-B291-C230B15B90B7}.Debug|Win32.Build.0 = Debug|Win32
		{6C4F6C07-4F47-417D-B291-C230B15B90B7}.Release|Win32.ActiveCfg = Release|Win32
		{6C4F6C07-4F47-417D-B291-C230B15B90B7}.Release|Win32.Build.0 = Release|Win32
		{02A3E776-D39E-45D2-9F4C-626B280AE01F}.Debug|Win32.ActiveCfg = Debug|Win32
		{02A3E776-D39E-45D2-9F4C-626B280AE01F}.Debug|Win32.Build.0 = Debug|Win32
		{02A3E776-D39E-45D2-9F4C-626B280AE01F}.Release|Win32.ActiveCfg = Release|Win32
		{02A3E776-D39E-45D2-9F4C-626B280AE01F}.Release|Win32.Build.0 = Release|Win32
		{1E717DC1-A824-44C6-B4CE-6310073287C0}.Debug|Win32.ActiveCfg = Debug|Win32
		{1E717DC1-A824-44C6-B4CE-6310073287C0}.Debug|Win32.Build.0 = Debug|Win32
		{1E717DC1-A824-44C6-B4CE-6310073287C0}.Release|Win32.ActiveCfg = Release|Win32
		{1E717DC1-A824-44C6-B4CE-6310073287C0}.Release|Win32.Build.0 = Release|Win32
		{9CF7631F-E77D-4766-8BDC-ED0F9721C92F}.Debug|Win32.ActiveCfg = Debug|Win32
		{9CF7631F-E77D-4766-8BDC-ED0F9721C92F}.Debug|Win32.Build.0 = Debug|Win32
		{9CF7631F-E77D-4766-8BDC-ED0F9721C92F}.Release|Win32.ActiveCfg = Release|Win32
		{9CF7631F-E77D-4766-8BDC-ED0F9721C92F}.Release|Win32.Build.0 = Release|Win32
		{581E799B-10BB-464D-9DF1-C282870210E4}.Debug|Win32.ActiveCfg = Debug|Win32
		{581E799B-10BB-464D-9DF1-C282870210E4}.Debug|Win32.Build.0 = Debug|Win32
		{581E799B-10BB-464D-9DF1-C282870210E4}.Release|Win32.ActiveCfg = Release|Win32
		{581E799B-10BB-464D-9DF1-C282870210E4}.Release|Win32.Build.0 = Release|Win32
		{2733C142-3930-4A81-AE72-AC014C5047F0}.Debug|Win32.ActiveCfg = Debug|Win32
		{2733C142-3930-4A81-AE72-AC014C5047F0}.Debug|Win32.Build.0 = Debug|Win32
		{2733C142-3930-4A81-AE72-AC014C5047F0}.Release|Win32.ActiveCfg = Release|Win32
		{2733C142-3930-4A81-AE72-AC014C5047F0}.Release|Win32.Build.0 = Release|Win32
		{096CF928-026E-4800-90EB-C4FD9378C998}.Debug|Win32.ActiveCfg = Debug|Win32
		{096CF928-026E-4800-90EB-C4FD9378C998}.Debug|Win32.Build.0 = Debug|Win32
		{096CF928-026E-4800-90EB-C4FD9378C998}.Release|Win32.ActiveCfg = Release|Win32
		{096CF928-026E-4800-90EB-C4FD9378C998}.Release|Win32.Build.0 = Release|Win32
		{6401CA5C-CE2D-4AFD-9C28-A6527DF03F6B}.Debug|Win32.ActiveCfg = Debug|Win32
		{6401CA5C-CE2D-4AFD-9C28-A6527DF03F6B}.Debug|Win32.Build.0 = Debug|Win32
		{6401CA5C-CE2D-4AFD-9C28-A6527DF03F6B}.Release|Win32.ActiveCfg = Release|Win32
		{6401CA5C-CE2D-4AFD-9C28-A6527DF03F6B}.Release|Win32.Build.0 = Release|Win32
		{20A5A2AB-9746-464C-B07D-643C7D5F63C7}.Debug|Win32.ActiveCfg = Debug|Win32
		{20A5A2AB-9746-464C-B07D-643C7D5F63C7}.Debug|Win32.Build.0 = Debug|Win32
		{20A5A2AB-9746-464C-B07D-643C7D5F63C7}.Release|Win32.ActiveCfg = Release|Win32
		{20A5A2AB-9746-464C-B07D-643C7D5F63C7}.Release|Win32.Build.0 = Release|Win32
		{B1A5D70F-484A-451B-B547-790ECD3F454D}.Debug|Win32.ActiveCfg = Debug|Win32
		{B1A5D70F-484A-451B-B547-790ECD3F454D}.Debug|Win32.Build.0 = Debug|Win32
		{B1A5D70F-484A-451B-B547-790ECD3F454D}.Release|Win32.ActiveCfg = Release|Win32
		{B1A5D70F-484A-451B-B547-790ECD3F454D}.Release|Win32.Build.0 = Release|Win32
		{C0CFC19C-7F92-4114-8E86-9C3803CB387C}.Debug|Win32.ActiveCfg = Debug|Win32
		{C0CFC19C-7F92-4114-8E86-9C3803CB387C}.Debug|Win32.Build.0 = Debug|Win32
		{C0CFC19C-7F92-4114-8E86-9C3803CB387C}.Release|Win32.ActiveCfg = Release|Win32
		{C0CFC19C-7F92-4114-8E86-9C3803CB387C}.Release|Win32.Build.0 = Release|Win32
		{AD7AF042-8694-402F-BE06-3590589316CA}.Debug|Win32.ActiveCfg = Debug|Win32
		{AD7AF042-8694-402F-BE06-3590589316CA}.Debug|Win32.Build.0 = Debug|Win32
		{AD7AF042-8694-402F-BE06-3590589316CA}.Release|Win32.ActiveCfg = Release|Win32
		{AD7AF042-8694-402F-BE06-3590589316CA}.Release|Win32.Build.0 = Release|Win32
		{E60D344C-656E-4C1D-BE59-5131914954DD}.Debug|Win32.ActiveCfg = Debug|Win32
		{E60D344C-656E-4C1D-BE59-5131914954DD}.Debug|Win32.Build.0 = Debug|Win32
		{E60D344C-656E-4C1D-BE59-5131914954DD}.Release|Win32.ActiveCfg = Release|Win32
		{E60D344C-656E-4C1D-BE59-5131914954DD}.Release|Win32.Build.0 = Release|Win32
		{8A851EAA-9660-48D7-8860-42966A6EB7CD}.Debug|Win32.ActiveCfg = Debug|Win32
		{8A851EAA-9660-48D7-8860-42966A6EB7CD}.Debug|Win32.Build.0 = Debug|Win32
		{8A851EAA-9660-48D7-8860-42966A6EB7CD}.Release|Win32.ActiveCfg = Release|Win32
		{8A851EAA-9660-48D7-8860-42966A6EB7CD}.Release|Win32.Build.0 = Release|Win32
		{8FCE00DE-12B4-40D8-BCB5-E030E62E332B}.Debug|Win32.ActiveCfg = Debug|Win32
		{8FCE00DE-12B4-40D8-BCB5-E030E62E332B}.Debug|Win32.Build.0 = Debug|Win32
		{8FCE00DE-12B4-40D8-BCB5-E030E62E332B}.Release|Win32.ActiveCfg = Release|Win32
		{8FCE00DE-12B4-40D8-BCB5-E030E62E332B}.Release|Win32.Build.0 = Release|Win32
		{A03D5A26-AF3D-4DD9-99DA-BA6BAB69B6DF}.Debug|Win32.ActiveCfg = Debug|Win32
		{A03D5A26-AF3D-4DD9-99DA-BA6BAB69B6DF}.Debug|Win32.Build.0 = Debug|Win32
		{A03D5A26-AF3D-4DD9-99DA-BA6BAB69B6DF}.Release|Win32.ActiveCfg = Release|Win32
		{A03D5A26-AF3D-4DD9-99DA-BA6BAB69B6DF}.Release|Win32.Build.0 = Release|Win32
		{7A2DAA37-947B-4BDE-A884-8C07ACBBD6EA}.Debug|Win32.ActiveCfg = Debug|Win32
		{7A2DAA37-947B-4BDE-A884-8C07ACBBD6EA}.Debug|Win32.Build.0 = Debug|Win32
		{7A2DAA37-947B-4BDE-A884-8C07ACBBD6EA}.Release|Win32.ActiveCfg = Release|Win32
		{7A2DAA37-947B-4BDE-A884-8C07ACBBD6EA}.Release|Win32.Build.0 = Release|Win32
		{5C435679-5A16-495D-BE61-E9BD51F22D19}.Debug|Win32.ActiveCfg = Debug|Win32
		{5C435679-5A16-495D-BE61-E9BD51F22D19}.Debug|Win32.Build.0 = Debug|Win32
		{5C435679-5A16-495D-BE61-E9BD51F22D19}.Release|Win32.ActiveCfg = Release|Win32
		{5C435679-5A16-495D-BE61-E9BD51F22D19}.Release|Win32.Build.0 = Release|Win32
		{745411F6-E248-49E8-94C7-7C2B286F4C58}.Debug|Win32.ActiveCfg = Debug|Win32
		{745411F6-E248-49E8-94C7-7C2B286F4C58}.Debug|Win32.Build.0 = Debug|Win32
		{745411F6-E248-49E8-94C7-7C2B286F4C58}.Release|Win32.ActiveCfg = Release|Win32
		{745411F6-E248-49E8-94C7-7C2B286F4C58}.Release|Win32.Build.0 = Release|Win32
		{ACCDA309-5383-4AAC-90FD-1455347A0D8C}.Debug|Win32.ActiveCfg = Debug|Win32
		{ACCDA309-5383-4AAC-90FD-1455347A0D8C}.Debug|Win32.Build.0 = Debug|Win32
		{ACCDA309-5383-4AAC-90FD-1455347A0D8C}.Release|Win32.ActiveCfg = Release|Win32
		{ACCDA309-5383-4AAC-90FD-1455347A0D8C}.Release|Win32.Build.0 = Release|Win32
		{0AFEB406-E449-4B0A-8C36-2DEF25AC13DC}.Debug|Win32.ActiveCfg = Debug|Win32
		{0AFEB406-E449-4B0A-8C36-2DEF25AC13DC}.Debug|Win32.Build.0 = Debug|Win32
		{0AFEB406-E449-4B0A-8C36-2DEF25AC13DC}.Release|Win32.ActiveCfg = Release|Win32
		{0AFEB406-E449-4B0A-8C36-2DEF25AC13DC}.Release|Win32.Build.0 = Release|Win32
		{C54EB074-4EF2-49C8-A377-E4E63532209F}.Debug|Win32.ActiveCfg = Debug|Win32
		{C54EB074-4EF2-49C8-A377-E4E63532209F}.Debug|Win32.Build.0 = Debug|Win32
		{C54EB074-4EF2-49C8-A377-E4E63532209F}.Release|Win32.ActiveCfg = Release|Win32
		{C54EB074-4EF2-49C8-A377-E4E63532209F}.Release|Win32.Build.0 = Release|Win32
		{3D61C497-E2F2-474F-83F9-9F1EFC2C61B8}.Debug|Win32.ActiveCfg = Debug|Win32
		{3D61C497-E2F2-474F-83F9-9F1EFC2C61B8}.Debug|Win32.Build.0 = Debug|Win32
		{3D61C497-E2F2-474F-83F9-9F1EFC2C61B8}.Release|Win32.ActiveCfg = Release|Win32
		{3D61C497-E2F2-474F-83F9-9F1EFC2C61B8}.Release|Win32.Build.0 = Release|Win32
	EndGlobalSection
	GlobalSection(SolutionProperties) = preSolution
		HideSolutionNode = FALSE
	EndGlobalSection
	GlobalSection(NestedProjects) = preSolution
		{26F62B2F-BBA5-4AA9-A7D8-E6B5674FD4AC} = {F492D457-D510-4852-8B7E-51409D8ED0B5}
		{7A2DAA37-947B-4BDE-A884-8C07ACBBD6EA} = {F492D457-D510-4852-8B7E-51409D8ED0B5}
		{5C435679-5A16-495D-BE61-E9BD51F22D19} = {F492D457-D510-4852-8B7E-51409D8ED0B5}
		{745411F6-E248-49E8-94C7-7C2B286F4C58} = {F492D457-D510-4852-8B7E-51409D8ED0B5}
		{ACCDA309-5383-4AAC-90FD-1455347A0D8C} = {F492D457-D510-4852-8B7E-51409D8ED0B5}
		{0AFEB406-E449-4B0A-8C36-2DEF25AC13DC} = {F492D457-D510-4852-8B7E-51409D8ED0B5}
		{C54EB074-4EF2-49C8-A377-E4E63532209F} = {F492D457-D510-4852-8B7E-51409D8ED0B5}
		{3D61C497-E2F2-474F-83F9-9F1EFC2C61B8} = {F492D457-D510-4852-8B7E-51409D8ED0B5}
	EndGlobalSection
EndGlobal
